// !$*UTF8*$!
{
	archiveVersion = 1;
	classes = {
	};
	objectVersion = 46;
	objects = {

/* Begin PBXBuildFile section */
		6C27A6BF1F04CAF100998FB8 /* main.m in Sources */ = {isa = PBXBuildFile; fileRef = 6C27A6BE1F04CAF100998FB8 /* main.m */; };
		6C27A6C21F04CAF100998FB8 /* AppDelegate.m in Sources */ = {isa = PBXBuildFile; fileRef = 6C27A6C11F04CAF100998FB8 /* AppDelegate.m */; };
		6C27A6CA1F04CAF100998FB8 /* Assets.xcassets in Resources */ = {isa = PBXBuildFile; fileRef = 6C27A6C91F04CAF100998FB8 /* Assets.xcassets */; };
		6C27A6CD1F04CAF100998FB8 /* LaunchScreen.storyboard in Resources */ = {isa = PBXBuildFile; fileRef = 6C27A6CB1F04CAF100998FB8 /* LaunchScreen.storyboard */; };
		6C27A6D81F04CAF100998FB8 /* __demo_OCTests.m in Sources */ = {isa = PBXBuildFile; fileRef = 6C27A6D71F04CAF100998FB8 /* __demo_OCTests.m */; };
		6C27A6E31F04CAF100998FB8 /* __demo_OCUITests.m in Sources */ = {isa = PBXBuildFile; fileRef = 6C27A6E21F04CAF100998FB8 /* __demo_OCUITests.m */; };
		6C27A6F21F04CB7A00998FB8 /* TabBarViewController.m in Sources */ = {isa = PBXBuildFile; fileRef = 6C27A6F11F04CB7A00998FB8 /* TabBarViewController.m */; };
		6C27A6F71F04D1E500998FB8 /* OneViewController.m in Sources */ = {isa = PBXBuildFile; fileRef = 6C27A6F61F04D1E500998FB8 /* OneViewController.m */; };
		6C27A6FA1F04D1FF00998FB8 /* TwoViewController.m in Sources */ = {isa = PBXBuildFile; fileRef = 6C27A6F91F04D1FF00998FB8 /* TwoViewController.m */; };
		6C27A6FD1F04EC4D00998FB8 /* IJKMediaFramework.framework in Frameworks */ = {isa = PBXBuildFile; fileRef = 6C27A6FC1F04EC4D00998FB8 /* IJKMediaFramework.framework */; };
		6C27A7001F04EC6800998FB8 /* AudioToolbox.framework in Frameworks */ = {isa = PBXBuildFile; fileRef = 6C27A6FF1F04EC6800998FB8 /* AudioToolbox.framework */; };
		6C27A7021F04EC7600998FB8 /* AVFoundation.framework in Frameworks */ = {isa = PBXBuildFile; fileRef = 6C27A7011F04EC7600998FB8 /* AVFoundation.framework */; };
		6C27A7041F04EC8D00998FB8 /* CoreGraphics.framework in Frameworks */ = {isa = PBXBuildFile; fileRef = 6C27A7031F04EC8D00998FB8 /* CoreGraphics.framework */; };
		6C27A7061F04ECA900998FB8 /* CoreMedia.framework in Frameworks */ = {isa = PBXBuildFile; fileRef = 6C27A7051F04ECA900998FB8 /* CoreMedia.framework */; };
		6C27A7081F04ECB300998FB8 /* CoreVideo.framework in Frameworks */ = {isa = PBXBuildFile; fileRef = 6C27A7071F04ECB300998FB8 /* CoreVideo.framework */; };
		6C27A70A1F04ECC000998FB8 /* libbz2.tbd in Frameworks */ = {isa = PBXBuildFile; fileRef = 6C27A7091F04ECC000998FB8 /* libbz2.tbd */; };
		6C27A70C1F04ECCB00998FB8 /* libz.tbd in Frameworks */ = {isa = PBXBuildFile; fileRef = 6C27A70B1F04ECCB00998FB8 /* libz.tbd */; };
		6C27A70E1F04ECDA00998FB8 /* MediaPlayer.framework in Frameworks */ = {isa = PBXBuildFile; fileRef = 6C27A70D1F04ECDA00998FB8 /* MediaPlayer.framework */; };
		6C27A7101F04ECEC00998FB8 /* MobileCoreServices.framework in Frameworks */ = {isa = PBXBuildFile; fileRef = 6C27A70F1F04ECEC00998FB8 /* MobileCoreServices.framework */; };
		6C27A7121F04ECF600998FB8 /* QuartzCore.framework in Frameworks */ = {isa = PBXBuildFile; fileRef = 6C27A7111F04ECF600998FB8 /* QuartzCore.framework */; };
		6C27A7141F04ED0300998FB8 /* UIKit.framework in Frameworks */ = {isa = PBXBuildFile; fileRef = 6C27A7131F04ED0300998FB8 /* UIKit.framework */; };
		6C27A7161F04ED0F00998FB8 /* VideoToolbox.framework in Frameworks */ = {isa = PBXBuildFile; fileRef = 6C27A7151F04ED0F00998FB8 /* VideoToolbox.framework */; };
		6C27A7181F04ED3800998FB8 /* OpenGLES.framework in Frameworks */ = {isa = PBXBuildFile; fileRef = 6C27A7171F04ED3800998FB8 /* OpenGLES.framework */; };
		6C9C0EE71F0A106600F9461A /* VideoViewController.m in Sources */ = {isa = PBXBuildFile; fileRef = 6C9C0EE61F0A106600F9461A /* VideoViewController.m */; };
		6CF3D9641F04F755004E0EF8 /* OneModel.m in Sources */ = {isa = PBXBuildFile; fileRef = 6CF3D9631F04F755004E0EF8 /* OneModel.m */; };
		6CF3D9671F04F78F004E0EF8 /* OneTableViewCell.m in Sources */ = {isa = PBXBuildFile; fileRef = 6CF3D9661F04F78F004E0EF8 /* OneTableViewCell.m */; };
		6CF3D96A1F04F7BF004E0EF8 /* UserModel.m in Sources */ = {isa = PBXBuildFile; fileRef = 6CF3D9691F04F7BF004E0EF8 /* UserModel.m */; };
		6CF3D9701F062BD8004E0EF8 /* start.mp3 in Resources */ = {isa = PBXBuildFile; fileRef = 6CF3D96F1F062BD8004E0EF8 /* start.mp3 */; };
		6CF3D9731F062C07004E0EF8 /* NetWorkManager.m in Sources */ = {isa = PBXBuildFile; fileRef = 6CF3D9721F062C07004E0EF8 /* NetWorkManager.m */; };
		F07ABC6DD6ADCF2BF601D086 /* Pods___demo_OC.framework in Frameworks */ = {isa = PBXBuildFile; fileRef = A0EC3CC3AD10728F5DB8A3EE /* Pods___demo_OC.framework */; };
/* End PBXBuildFile section */

/* Begin PBXContainerItemProxy section */
		6C27A6D41F04CAF100998FB8 /* PBXContainerItemProxy */ = {
			isa = PBXContainerItemProxy;
			containerPortal = 6C27A6B21F04CAF100998FB8 /* Project object */;
			proxyType = 1;
			remoteGlobalIDString = 6C27A6B91F04CAF100998FB8;
			remoteInfo = "直播demo_OC";
		};
		6C27A6DF1F04CAF100998FB8 /* PBXContainerItemProxy */ = {
			isa = PBXContainerItemProxy;
			containerPortal = 6C27A6B21F04CAF100998FB8 /* Project object */;
			proxyType = 1;
			remoteGlobalIDString = 6C27A6B91F04CAF100998FB8;
			remoteInfo = "直播demo_OC";
		};
/* End PBXContainerItemProxy section */

/* Begin PBXFileReference section */
		057051DEEE02449CE34A412F /* Pods-直播demo_OC.debug.xcconfig */ = {isa = PBXFileReference; includeInIndex = 1; lastKnownFileType = text.xcconfig; name = "Pods-直播demo_OC.debug.xcconfig"; path = "Pods/Target Support Files/Pods-直播demo_OC/Pods-直播demo_OC.debug.xcconfig"; sourceTree = "<group>"; };
		6C27A6BA1F04CAF100998FB8 /* 直播demo_OC.app */ = {isa = PBXFileReference; explicitFileType = wrapper.application; includeInIndex = 0; path = "直播demo_OC.app"; sourceTree = BUILT_PRODUCTS_DIR; };
		6C27A6BE1F04CAF100998FB8 /* main.m */ = {isa = PBXFileReference; lastKnownFileType = sourcecode.c.objc; path = main.m; sourceTree = "<group>"; };
		6C27A6C01F04CAF100998FB8 /* AppDelegate.h */ = {isa = PBXFileReference; lastKnownFileType = sourcecode.c.h; path = AppDelegate.h; sourceTree = "<group>"; };
		6C27A6C11F04CAF100998FB8 /* AppDelegate.m */ = {isa = PBXFileReference; lastKnownFileType = sourcecode.c.objc; path = AppDelegate.m; sourceTree = "<group>"; };
		6C27A6C91F04CAF100998FB8 /* Assets.xcassets */ = {isa = PBXFileReference; lastKnownFileType = folder.assetcatalog; path = Assets.xcassets; sourceTree = "<group>"; };
		6C27A6CC1F04CAF100998FB8 /* Base */ = {isa = PBXFileReference; lastKnownFileType = file.storyboard; name = Base; path = Base.lproj/LaunchScreen.storyboard; sourceTree = "<group>"; };
		6C27A6CE1F04CAF100998FB8 /* Info.plist */ = {isa = PBXFileReference; lastKnownFileType = text.plist.xml; path = Info.plist; sourceTree = "<group>"; };
		6C27A6D31F04CAF100998FB8 /* 直播demo_OCTests.xctest */ = {isa = PBXFileReference; explicitFileType = wrapper.cfbundle; includeInIndex = 0; path = "直播demo_OCTests.xctest"; sourceTree = BUILT_PRODUCTS_DIR; };
		6C27A6D71F04CAF100998FB8 /* __demo_OCTests.m */ = {isa = PBXFileReference; lastKnownFileType = sourcecode.c.objc; path = __demo_OCTests.m; sourceTree = "<group>"; };
		6C27A6D91F04CAF100998FB8 /* Info.plist */ = {isa = PBXFileReference; lastKnownFileType = text.plist.xml; path = Info.plist; sourceTree = "<group>"; };
		6C27A6DE1F04CAF100998FB8 /* 直播demo_OCUITests.xctest */ = {isa = PBXFileReference; explicitFileType = wrapper.cfbundle; includeInIndex = 0; path = "直播demo_OCUITests.xctest"; sourceTree = BUILT_PRODUCTS_DIR; };
		6C27A6E21F04CAF100998FB8 /* __demo_OCUITests.m */ = {isa = PBXFileReference; lastKnownFileType = sourcecode.c.objc; path = __demo_OCUITests.m; sourceTree = "<group>"; };
		6C27A6E41F04CAF100998FB8 /* Info.plist */ = {isa = PBXFileReference; lastKnownFileType = text.plist.xml; path = Info.plist; sourceTree = "<group>"; };
		6C27A6F01F04CB7A00998FB8 /* TabBarViewController.h */ = {isa = PBXFileReference; fileEncoding = 4; lastKnownFileType = sourcecode.c.h; path = TabBarViewController.h; sourceTree = "<group>"; };
		6C27A6F11F04CB7A00998FB8 /* TabBarViewController.m */ = {isa = PBXFileReference; fileEncoding = 4; lastKnownFileType = sourcecode.c.objc; path = TabBarViewController.m; sourceTree = "<group>"; };
		6C27A6F51F04D1E500998FB8 /* OneViewController.h */ = {isa = PBXFileReference; fileEncoding = 4; lastKnownFileType = sourcecode.c.h; path = OneViewController.h; sourceTree = "<group>"; };
		6C27A6F61F04D1E500998FB8 /* OneViewController.m */ = {isa = PBXFileReference; fileEncoding = 4; lastKnownFileType = sourcecode.c.objc; path = OneViewController.m; sourceTree = "<group>"; };
		6C27A6F81F04D1FF00998FB8 /* TwoViewController.h */ = {isa = PBXFileReference; fileEncoding = 4; lastKnownFileType = sourcecode.c.h; path = TwoViewController.h; sourceTree = "<group>"; };
		6C27A6F91F04D1FF00998FB8 /* TwoViewController.m */ = {isa = PBXFileReference; fileEncoding = 4; lastKnownFileType = sourcecode.c.objc; path = TwoViewController.m; sourceTree = "<group>"; };
		6C27A6FB1F04D27A00998FB8 /* st_Prefix.pch */ = {isa = PBXFileReference; lastKnownFileType = sourcecode.c.h; path = st_Prefix.pch; sourceTree = "<group>"; };
		6C27A6FC1F04EC4D00998FB8 /* IJKMediaFramework.framework */ = {isa = PBXFileReference; lastKnownFileType = wrapper.framework; path = IJKMediaFramework.framework; sourceTree = "<group>"; };
		6C27A6FF1F04EC6800998FB8 /* AudioToolbox.framework */ = {isa = PBXFileReference; lastKnownFileType = wrapper.framework; name = AudioToolbox.framework; path = System/Library/Frameworks/AudioToolbox.framework; sourceTree = SDKROOT; };
		6C27A7011F04EC7600998FB8 /* AVFoundation.framework */ = {isa = PBXFileReference; lastKnownFileType = wrapper.framework; name = AVFoundation.framework; path = System/Library/Frameworks/AVFoundation.framework; sourceTree = SDKROOT; };
		6C27A7031F04EC8D00998FB8 /* CoreGraphics.framework */ = {isa = PBXFileReference; lastKnownFileType = wrapper.framework; name = CoreGraphics.framework; path = System/Library/Frameworks/CoreGraphics.framework; sourceTree = SDKROOT; };
		6C27A7051F04ECA900998FB8 /* CoreMedia.framework */ = {isa = PBXFileReference; lastKnownFileType = wrapper.framework; name = CoreMedia.framework; path = System/Library/Frameworks/CoreMedia.framework; sourceTree = SDKROOT; };
		6C27A7071F04ECB300998FB8 /* CoreVideo.framework */ = {isa = PBXFileReference; lastKnownFileType = wrapper.framework; name = CoreVideo.framework; path = System/Library/Frameworks/CoreVideo.framework; sourceTree = SDKROOT; };
		6C27A7091F04ECC000998FB8 /* libbz2.tbd */ = {isa = PBXFileReference; lastKnownFileType = "sourcecode.text-based-dylib-definition"; name = libbz2.tbd; path = usr/lib/libbz2.tbd; sourceTree = SDKROOT; };
		6C27A70B1F04ECCB00998FB8 /* libz.tbd */ = {isa = PBXFileReference; lastKnownFileType = "sourcecode.text-based-dylib-definition"; name = libz.tbd; path = usr/lib/libz.tbd; sourceTree = SDKROOT; };
		6C27A70D1F04ECDA00998FB8 /* MediaPlayer.framework */ = {isa = PBXFileReference; lastKnownFileType = wrapper.framework; name = MediaPlayer.framework; path = System/Library/Frameworks/MediaPlayer.framework; sourceTree = SDKROOT; };
		6C27A70F1F04ECEC00998FB8 /* MobileCoreServices.framework */ = {isa = PBXFileReference; lastKnownFileType = wrapper.framework; name = MobileCoreServices.framework; path = System/Library/Frameworks/MobileCoreServices.framework; sourceTree = SDKROOT; };
		6C27A7111F04ECF600998FB8 /* QuartzCore.framework */ = {isa = PBXFileReference; lastKnownFileType = wrapper.framework; name = QuartzCore.framework; path = System/Library/Frameworks/QuartzCore.framework; sourceTree = SDKROOT; };
		6C27A7131F04ED0300998FB8 /* UIKit.framework */ = {isa = PBXFileReference; lastKnownFileType = wrapper.framework; name = UIKit.framework; path = System/Library/Frameworks/UIKit.framework; sourceTree = SDKROOT; };
		6C27A7151F04ED0F00998FB8 /* VideoToolbox.framework */ = {isa = PBXFileReference; lastKnownFileType = wrapper.framework; name = VideoToolbox.framework; path = System/Library/Frameworks/VideoToolbox.framework; sourceTree = SDKROOT; };
		6C27A7171F04ED3800998FB8 /* OpenGLES.framework */ = {isa = PBXFileReference; lastKnownFileType = wrapper.framework; name = OpenGLES.framework; path = System/Library/Frameworks/OpenGLES.framework; sourceTree = SDKROOT; };
		6C9C0EE51F0A106600F9461A /* VideoViewController.h */ = {isa = PBXFileReference; fileEncoding = 4; lastKnownFileType = sourcecode.c.h; path = VideoViewController.h; sourceTree = "<group>"; };
		6C9C0EE61F0A106600F9461A /* VideoViewController.m */ = {isa = PBXFileReference; fileEncoding = 4; lastKnownFileType = sourcecode.c.objc; path = VideoViewController.m; sourceTree = "<group>"; };
		6CF3D9621F04F754004E0EF8 /* OneModel.h */ = {isa = PBXFileReference; fileEncoding = 4; lastKnownFileType = sourcecode.c.h; path = OneModel.h; sourceTree = "<group>"; };
		6CF3D9631F04F755004E0EF8 /* OneModel.m */ = {isa = PBXFileReference; fileEncoding = 4; lastKnownFileType = sourcecode.c.objc; path = OneModel.m; sourceTree = "<group>"; };
		6CF3D9651F04F78F004E0EF8 /* OneTableViewCell.h */ = {isa = PBXFileReference; fileEncoding = 4; lastKnownFileType = sourcecode.c.h; path = OneTableViewCell.h; sourceTree = "<group>"; };
		6CF3D9661F04F78F004E0EF8 /* OneTableViewCell.m */ = {isa = PBXFileReference; fileEncoding = 4; lastKnownFileType = sourcecode.c.objc; path = OneTableViewCell.m; sourceTree = "<group>"; };
		6CF3D9681F04F7BF004E0EF8 /* UserModel.h */ = {isa = PBXFileReference; fileEncoding = 4; lastKnownFileType = sourcecode.c.h; path = UserModel.h; sourceTree = "<group>"; };
		6CF3D9691F04F7BF004E0EF8 /* UserModel.m */ = {isa = PBXFileReference; fileEncoding = 4; lastKnownFileType = sourcecode.c.objc; path = UserModel.m; sourceTree = "<group>"; };
		6CF3D96F1F062BD8004E0EF8 /* start.mp3 */ = {isa = PBXFileReference; lastKnownFileType = audio.mp3; path = start.mp3; sourceTree = "<group>"; };
		6CF3D9711F062C07004E0EF8 /* NetWorkManager.h */ = {isa = PBXFileReference; fileEncoding = 4; lastKnownFileType = sourcecode.c.h; path = NetWorkManager.h; sourceTree = "<group>"; };
		6CF3D9721F062C07004E0EF8 /* NetWorkManager.m */ = {isa = PBXFileReference; fileEncoding = 4; lastKnownFileType = sourcecode.c.objc; path = NetWorkManager.m; sourceTree = "<group>"; };
		A0EC3CC3AD10728F5DB8A3EE /* Pods___demo_OC.framework */ = {isa = PBXFileReference; explicitFileType = wrapper.framework; includeInIndex = 0; path = "Pods___demo_OC.framework"; sourceTree = BUILT_PRODUCTS_DIR; };
		AB65B9E726054317B7D9A875 /* Pods-直播demo_OC.release.xcconfig */ = {isa = PBXFileReference; includeInIndex = 1; lastKnownFileType = text.xcconfig; name = "Pods-直播demo_OC.release.xcconfig"; path = "Pods/Target Support Files/Pods-直播demo_OC/Pods-直播demo_OC.release.xcconfig"; sourceTree = "<group>"; };
/* End PBXFileReference section */

/* Begin PBXFrameworksBuildPhase section */
		6C27A6B71F04CAF100998FB8 /* Frameworks */ = {
			isa = PBXFrameworksBuildPhase;
			buildActionMask = 2147483647;
			files = (
				6C27A7181F04ED3800998FB8 /* OpenGLES.framework in Frameworks */,
				6C27A7161F04ED0F00998FB8 /* VideoToolbox.framework in Frameworks */,
				6C27A7141F04ED0300998FB8 /* UIKit.framework in Frameworks */,
				6C27A7121F04ECF600998FB8 /* QuartzCore.framework in Frameworks */,
				6C27A7101F04ECEC00998FB8 /* MobileCoreServices.framework in Frameworks */,
				6C27A70E1F04ECDA00998FB8 /* MediaPlayer.framework in Frameworks */,
				6C27A70C1F04ECCB00998FB8 /* libz.tbd in Frameworks */,
				6C27A70A1F04ECC000998FB8 /* libbz2.tbd in Frameworks */,
				6C27A7081F04ECB300998FB8 /* CoreVideo.framework in Frameworks */,
				6C27A7061F04ECA900998FB8 /* CoreMedia.framework in Frameworks */,
				6C27A7041F04EC8D00998FB8 /* CoreGraphics.framework in Frameworks */,
				6C27A7021F04EC7600998FB8 /* AVFoundation.framework in Frameworks */,
				6C27A7001F04EC6800998FB8 /* AudioToolbox.framework in Frameworks */,
				6C27A6FD1F04EC4D00998FB8 /* IJKMediaFramework.framework in Frameworks */,
				F07ABC6DD6ADCF2BF601D086 /* Pods___demo_OC.framework in Frameworks */,
			);
			runOnlyForDeploymentPostprocessing = 0;
		};
		6C27A6D01F04CAF100998FB8 /* Frameworks */ = {
			isa = PBXFrameworksBuildPhase;
			buildActionMask = 2147483647;
			files = (
			);
			runOnlyForDeploymentPostprocessing = 0;
		};
		6C27A6DB1F04CAF100998FB8 /* Frameworks */ = {
			isa = PBXFrameworksBuildPhase;
			buildActionMask = 2147483647;
			files = (
			);
			runOnlyForDeploymentPostprocessing = 0;
		};
/* End PBXFrameworksBuildPhase section */

/* Begin PBXGroup section */
		6C27A6B11F04CAF100998FB8 = {
			isa = PBXGroup;
			children = (
				6C27A6BC1F04CAF100998FB8 /* 直播demo_OC */,
				6C27A6D61F04CAF100998FB8 /* 直播demo_OCTests */,
				6C27A6E11F04CAF100998FB8 /* 直播demo_OCUITests */,
				6C27A6BB1F04CAF100998FB8 /* Products */,
				6C27A6FE1F04EC6800998FB8 /* Frameworks */,
				9221FBCA705E0247D9843B34 /* Pods */,
			);
			sourceTree = "<group>";
		};
		6C27A6BB1F04CAF100998FB8 /* Products */ = {
			isa = PBXGroup;
			children = (
				6C27A6BA1F04CAF100998FB8 /* 直播demo_OC.app */,
				6C27A6D31F04CAF100998FB8 /* 直播demo_OCTests.xctest */,
				6C27A6DE1F04CAF100998FB8 /* 直播demo_OCUITests.xctest */,
			);
			name = Products;
			sourceTree = "<group>";
		};
		6C27A6BC1F04CAF100998FB8 /* 直播demo_OC */ = {
			isa = PBXGroup;
			children = (
				6CF3D96E1F062BD8004E0EF8 /* tools */,
				6C27A6FC1F04EC4D00998FB8 /* IJKMediaFramework.framework */,
				6C27A6F31F04D19E00998FB8 /* 第二个Tab */,
				6C27A6F41F04D19E00998FB8 /* 第一个Tab */,
				6C27A6F01F04CB7A00998FB8 /* TabBarViewController.h */,
				6C27A6F11F04CB7A00998FB8 /* TabBarViewController.m */,
				6C27A6C01F04CAF100998FB8 /* AppDelegate.h */,
				6C27A6C11F04CAF100998FB8 /* AppDelegate.m */,
				6C27A6C91F04CAF100998FB8 /* Assets.xcassets */,
				6C27A6CB1F04CAF100998FB8 /* LaunchScreen.storyboard */,
				6C27A6CE1F04CAF100998FB8 /* Info.plist */,
				6C27A6FB1F04D27A00998FB8 /* st_Prefix.pch */,
				6C27A6BD1F04CAF100998FB8 /* Supporting Files */,
			);
			path = "直播demo_OC";
			sourceTree = "<group>";
		};
		6C27A6BD1F04CAF100998FB8 /* Supporting Files */ = {
			isa = PBXGroup;
			children = (
				6C27A6BE1F04CAF100998FB8 /* main.m */,
			);
			name = "Supporting Files";
			sourceTree = "<group>";
		};
		6C27A6D61F04CAF100998FB8 /* 直播demo_OCTests */ = {
			isa = PBXGroup;
			children = (
				6C27A6D71F04CAF100998FB8 /* __demo_OCTests.m */,
				6C27A6D91F04CAF100998FB8 /* Info.plist */,
			);
			path = "直播demo_OCTests";
			sourceTree = "<group>";
		};
		6C27A6E11F04CAF100998FB8 /* 直播demo_OCUITests */ = {
			isa = PBXGroup;
			children = (
				6C27A6E21F04CAF100998FB8 /* __demo_OCUITests.m */,
				6C27A6E41F04CAF100998FB8 /* Info.plist */,
			);
			path = "直播demo_OCUITests";
			sourceTree = "<group>";
		};
		6C27A6F31F04D19E00998FB8 /* 第二个Tab */ = {
			isa = PBXGroup;
			children = (
				6C27A6F81F04D1FF00998FB8 /* TwoViewController.h */,
				6C27A6F91F04D1FF00998FB8 /* TwoViewController.m */,
			);
			path = "第二个Tab";
			sourceTree = "<group>";
		};
		6C27A6F41F04D19E00998FB8 /* 第一个Tab */ = {
			isa = PBXGroup;
			children = (
				6C27A6F51F04D1E500998FB8 /* OneViewController.h */,
				6C27A6F61F04D1E500998FB8 /* OneViewController.m */,
				6CF3D9621F04F754004E0EF8 /* OneModel.h */,
				6CF3D9631F04F755004E0EF8 /* OneModel.m */,
				6CF3D9651F04F78F004E0EF8 /* OneTableViewCell.h */,
				6CF3D9661F04F78F004E0EF8 /* OneTableViewCell.m */,
				6CF3D9681F04F7BF004E0EF8 /* UserModel.h */,
				6CF3D9691F04F7BF004E0EF8 /* UserModel.m */,
				6C9C0EE51F0A106600F9461A /* VideoViewController.h */,
				6C9C0EE61F0A106600F9461A /* VideoViewController.m */,
			);
			path = "第一个Tab";
			sourceTree = "<group>";
		};
		6C27A6FE1F04EC6800998FB8 /* Frameworks */ = {
			isa = PBXGroup;
			children = (
				6C27A7171F04ED3800998FB8 /* OpenGLES.framework */,
				6C27A7151F04ED0F00998FB8 /* VideoToolbox.framework */,
				6C27A7131F04ED0300998FB8 /* UIKit.framework */,
				6C27A7111F04ECF600998FB8 /* QuartzCore.framework */,
				6C27A70F1F04ECEC00998FB8 /* MobileCoreServices.framework */,
				6C27A70D1F04ECDA00998FB8 /* MediaPlayer.framework */,
				6C27A70B1F04ECCB00998FB8 /* libz.tbd */,
				6C27A7091F04ECC000998FB8 /* libbz2.tbd */,
				6C27A7071F04ECB300998FB8 /* CoreVideo.framework */,
				6C27A7051F04ECA900998FB8 /* CoreMedia.framework */,
				6C27A7031F04EC8D00998FB8 /* CoreGraphics.framework */,
				6C27A7011F04EC7600998FB8 /* AVFoundation.framework */,
				6C27A6FF1F04EC6800998FB8 /* AudioToolbox.framework */,
				A0EC3CC3AD10728F5DB8A3EE /* Pods___demo_OC.framework */,
			);
			name = Frameworks;
			sourceTree = "<group>";
		};
		6CF3D96E1F062BD8004E0EF8 /* tools */ = {
			isa = PBXGroup;
			children = (
				6CF3D96F1F062BD8004E0EF8 /* start.mp3 */,
				6CF3D9711F062C07004E0EF8 /* NetWorkManager.h */,
				6CF3D9721F062C07004E0EF8 /* NetWorkManager.m */,
			);
			path = tools;
			sourceTree = "<group>";
		};
		9221FBCA705E0247D9843B34 /* Pods */ = {
			isa = PBXGroup;
			children = (
				057051DEEE02449CE34A412F /* Pods-直播demo_OC.debug.xcconfig */,
				AB65B9E726054317B7D9A875 /* Pods-直播demo_OC.release.xcconfig */,
			);
			name = Pods;
			sourceTree = "<group>";
		};
/* End PBXGroup section */

/* Begin PBXNativeTarget section */
		6C27A6B91F04CAF100998FB8 /* 直播demo_OC */ = {
			isa = PBXNativeTarget;
			buildConfigurationList = 6C27A6E71F04CAF100998FB8 /* Build configuration list for PBXNativeTarget "直播demo_OC" */;
			buildPhases = (
				6496A0F3C2AEFC57174FDE7F /* [CP] Check Pods Manifest.lock */,
				6C27A6B61F04CAF100998FB8 /* Sources */,
				6C27A6B71F04CAF100998FB8 /* Frameworks */,
				6C27A6B81F04CAF100998FB8 /* Resources */,
				46BA2D6A14C5D28E269ED913 /* [CP] Embed Pods Frameworks */,
				2FA3022A8CB4DED23E14B4B7 /* [CP] Copy Pods Resources */,
			);
			buildRules = (
			);
			dependencies = (
			);
			name = "直播demo_OC";
			productName = "直播demo_OC";
			productReference = 6C27A6BA1F04CAF100998FB8 /* 直播demo_OC.app */;
			productType = "com.apple.product-type.application";
		};
		6C27A6D21F04CAF100998FB8 /* 直播demo_OCTests */ = {
			isa = PBXNativeTarget;
			buildConfigurationList = 6C27A6EA1F04CAF100998FB8 /* Build configuration list for PBXNativeTarget "直播demo_OCTests" */;
			buildPhases = (
				6C27A6CF1F04CAF100998FB8 /* Sources */,
				6C27A6D01F04CAF100998FB8 /* Frameworks */,
				6C27A6D11F04CAF100998FB8 /* Resources */,
			);
			buildRules = (
			);
			dependencies = (
				6C27A6D51F04CAF100998FB8 /* PBXTargetDependency */,
			);
			name = "直播demo_OCTests";
			productName = "直播demo_OCTests";
			productReference = 6C27A6D31F04CAF100998FB8 /* 直播demo_OCTests.xctest */;
			productType = "com.apple.product-type.bundle.unit-test";
		};
		6C27A6DD1F04CAF100998FB8 /* 直播demo_OCUITests */ = {
			isa = PBXNativeTarget;
			buildConfigurationList = 6C27A6ED1F04CAF100998FB8 /* Build configuration list for PBXNativeTarget "直播demo_OCUITests" */;
			buildPhases = (
				6C27A6DA1F04CAF100998FB8 /* Sources */,
				6C27A6DB1F04CAF100998FB8 /* Frameworks */,
				6C27A6DC1F04CAF100998FB8 /* Resources */,
			);
			buildRules = (
			);
			dependencies = (
				6C27A6E01F04CAF100998FB8 /* PBXTargetDependency */,
			);
			name = "直播demo_OCUITests";
			productName = "直播demo_OCUITests";
			productReference = 6C27A6DE1F04CAF100998FB8 /* 直播demo_OCUITests.xctest */;
			productType = "com.apple.product-type.bundle.ui-testing";
		};
/* End PBXNativeTarget section */

/* Begin PBXProject section */
		6C27A6B21F04CAF100998FB8 /* Project object */ = {
			isa = PBXProject;
			attributes = {
				LastUpgradeCheck = 0830;
				ORGANIZATIONNAME = "Shaoting Zhou";
				TargetAttributes = {
					6C27A6B91F04CAF100998FB8 = {
						CreatedOnToolsVersion = 8.3.3;
						DevelopmentTeam = U4629HP3VA;
						ProvisioningStyle = Automatic;
					};
					6C27A6D21F04CAF100998FB8 = {
						CreatedOnToolsVersion = 8.3.3;
						DevelopmentTeam = U4629HP3VA;
						ProvisioningStyle = Automatic;
						TestTargetID = 6C27A6B91F04CAF100998FB8;
					};
					6C27A6DD1F04CAF100998FB8 = {
						CreatedOnToolsVersion = 8.3.3;
						DevelopmentTeam = U4629HP3VA;
						ProvisioningStyle = Automatic;
						TestTargetID = 6C27A6B91F04CAF100998FB8;
					};
				};
			};
			buildConfigurationList = 6C27A6B51F04CAF100998FB8 /* Build configuration list for PBXProject "直播demo_OC" */;
			compatibilityVersion = "Xcode 3.2";
			developmentRegion = English;
			hasScannedForEncodings = 0;
			knownRegions = (
				en,
				Base,
			);
			mainGroup = 6C27A6B11F04CAF100998FB8;
			productRefGroup = 6C27A6BB1F04CAF100998FB8 /* Products */;
			projectDirPath = "";
			projectRoot = "";
			targets = (
				6C27A6B91F04CAF100998FB8 /* 直播demo_OC */,
				6C27A6D21F04CAF100998FB8 /* 直播demo_OCTests */,
				6C27A6DD1F04CAF100998FB8 /* 直播demo_OCUITests */,
			);
		};
/* End PBXProject section */

/* Begin PBXResourcesBuildPhase section */
		6C27A6B81F04CAF100998FB8 /* Resources */ = {
			isa = PBXResourcesBuildPhase;
			buildActionMask = 2147483647;
			files = (
				6C27A6CD1F04CAF100998FB8 /* LaunchScreen.storyboard in Resources */,
				6CF3D9701F062BD8004E0EF8 /* start.mp3 in Resources */,
				6C27A6CA1F04CAF100998FB8 /* Assets.xcassets in Resources */,
			);
			runOnlyForDeploymentPostprocessing = 0;
		};
		6C27A6D11F04CAF100998FB8 /* Resources */ = {
			isa = PBXResourcesBuildPhase;
			buildActionMask = 2147483647;
			files = (
			);
			runOnlyForDeploymentPostprocessing = 0;
		};
		6C27A6DC1F04CAF100998FB8 /* Resources */ = {
			isa = PBXResourcesBuildPhase;
			buildActionMask = 2147483647;
			files = (
			);
			runOnlyForDeploymentPostprocessing = 0;
		};
/* End PBXResourcesBuildPhase section */

/* Begin PBXShellScriptBuildPhase section */
		2FA3022A8CB4DED23E14B4B7 /* [CP] Copy Pods Resources */ = {
			isa = PBXShellScriptBuildPhase;
			buildActionMask = 2147483647;
			files = (
			);
			inputPaths = (
			);
			name = "[CP] Copy Pods Resources";
			outputPaths = (
			);
			runOnlyForDeploymentPostprocessing = 0;
			shellPath = /bin/sh;
			shellScript = "\"${SRCROOT}/Pods/Target Support Files/Pods-直播demo_OC/Pods-直播demo_OC-resources.sh\"\n";
			showEnvVarsInLog = 0;
		};
		46BA2D6A14C5D28E269ED913 /* [CP] Embed Pods Frameworks */ = {
			isa = PBXShellScriptBuildPhase;
			buildActionMask = 2147483647;
			files = (
			);
			inputPaths = (
				"${SRCROOT}/Pods/Target Support Files/Pods-直播demo_OC/Pods-直播demo_OC-frameworks.sh",
				"${BUILT_PRODUCTS_DIR}/AFNetworking/AFNetworking.framework",
				"${BUILT_PRODUCTS_DIR}/MJExtension/MJExtension.framework",
				"${BUILT_PRODUCTS_DIR}/Masonry/Masonry.framework",
				"${BUILT_PRODUCTS_DIR}/SDWebImage/SDWebImage.framework",
			);
			name = "[CP] Embed Pods Frameworks";
			outputPaths = (
				"${TARGET_BUILD_DIR}/${FRAMEWORKS_FOLDER_PATH}/AFNetworking.framework",
				"${TARGET_BUILD_DIR}/${FRAMEWORKS_FOLDER_PATH}/MJExtension.framework",
				"${TARGET_BUILD_DIR}/${FRAMEWORKS_FOLDER_PATH}/Masonry.framework",
				"${TARGET_BUILD_DIR}/${FRAMEWORKS_FOLDER_PATH}/SDWebImage.framework",
			);
			runOnlyForDeploymentPostprocessing = 0;
			shellPath = /bin/sh;
			shellScript = "\"${SRCROOT}/Pods/Target Support Files/Pods-直播demo_OC/Pods-直播demo_OC-frameworks.sh\"\n";
			showEnvVarsInLog = 0;
		};
		6496A0F3C2AEFC57174FDE7F /* [CP] Check Pods Manifest.lock */ = {
			isa = PBXShellScriptBuildPhase;
			buildActionMask = 2147483647;
			files = (
			);
			inputPaths = (
				"${PODS_PODFILE_DIR_PATH}/Podfile.lock",
				"${PODS_ROOT}/Manifest.lock",
			);
			name = "[CP] Check Pods Manifest.lock";
			outputPaths = (
				"$(DERIVED_FILE_DIR)/Pods-直播demo_OC-checkManifestLockResult.txt",
			);
			runOnlyForDeploymentPostprocessing = 0;
			shellPath = /bin/sh;
			shellScript = "diff \"${PODS_PODFILE_DIR_PATH}/Podfile.lock\" \"${PODS_ROOT}/Manifest.lock\" > /dev/null\nif [ $? != 0 ] ; then\n    # print error to STDERR\n    echo \"error: The sandbox is not in sync with the Podfile.lock. Run 'pod install' or update your CocoaPods installation.\" >&2\n    exit 1\nfi\n# This output is used by Xcode 'outputs' to avoid re-running this script phase.\necho \"SUCCESS\" > \"${SCRIPT_OUTPUT_FILE_0}\"\n";
			showEnvVarsInLog = 0;
		};
/* End PBXShellScriptBuildPhase section */

/* Begin PBXSourcesBuildPhase section */
		6C27A6B61F04CAF100998FB8 /* Sources */ = {
			isa = PBXSourcesBuildPhase;
			buildActionMask = 2147483647;
			files = (
				6C9C0EE71F0A106600F9461A /* VideoViewController.m in Sources */,
				6CF3D9641F04F755004E0EF8 /* OneModel.m in Sources */,
				6C27A6F21F04CB7A00998FB8 /* TabBarViewController.m in Sources */,
				6CF3D9671F04F78F004E0EF8 /* OneTableViewCell.m in Sources */,
				6C27A6C21F04CAF100998FB8 /* AppDelegate.m in Sources */,
				6C27A6BF1F04CAF100998FB8 /* main.m in Sources */,
				6C27A6FA1F04D1FF00998FB8 /* TwoViewController.m in Sources */,
				6CF3D9731F062C07004E0EF8 /* NetWorkManager.m in Sources */,
				6CF3D96A1F04F7BF004E0EF8 /* UserModel.m in Sources */,
				6C27A6F71F04D1E500998FB8 /* OneViewController.m in Sources */,
			);
			runOnlyForDeploymentPostprocessing = 0;
		};
		6C27A6CF1F04CAF100998FB8 /* Sources */ = {
			isa = PBXSourcesBuildPhase;
			buildActionMask = 2147483647;
			files = (
				6C27A6D81F04CAF100998FB8 /* __demo_OCTests.m in Sources */,
			);
			runOnlyForDeploymentPostprocessing = 0;
		};
		6C27A6DA1F04CAF100998FB8 /* Sources */ = {
			isa = PBXSourcesBuildPhase;
			buildActionMask = 2147483647;
			files = (
				6C27A6E31F04CAF100998FB8 /* __demo_OCUITests.m in Sources */,
			);
			runOnlyForDeploymentPostprocessing = 0;
		};
/* End PBXSourcesBuildPhase section */

/* Begin PBXTargetDependency section */
		6C27A6D51F04CAF100998FB8 /* PBXTargetDependency */ = {
			isa = PBXTargetDependency;
			target = 6C27A6B91F04CAF100998FB8 /* 直播demo_OC */;
			targetProxy = 6C27A6D41F04CAF100998FB8 /* PBXContainerItemProxy */;
		};
		6C27A6E01F04CAF100998FB8 /* PBXTargetDependency */ = {
			isa = PBXTargetDependency;
			target = 6C27A6B91F04CAF100998FB8 /* 直播demo_OC */;
			targetProxy = 6C27A6DF1F04CAF100998FB8 /* PBXContainerItemProxy */;
		};
/* End PBXTargetDependency section */

/* Begin PBXVariantGroup section */
		6C27A6CB1F04CAF100998FB8 /* LaunchScreen.storyboard */ = {
			isa = PBXVariantGroup;
			children = (
				6C27A6CC1F04CAF100998FB8 /* Base */,
			);
			name = LaunchScreen.storyboard;
			sourceTree = "<group>";
		};
/* End PBXVariantGroup section */

/* Begin XCBuildConfiguration section */
		6C27A6E51F04CAF100998FB8 /* Debug */ = {
			isa = XCBuildConfiguration;
			buildSettings = {
				ALWAYS_SEARCH_USER_PATHS = NO;
				CLANG_ANALYZER_NONNULL = YES;
				CLANG_ANALYZER_NUMBER_OBJECT_CONVERSION = YES_AGGRESSIVE;
				CLANG_CXX_LANGUAGE_STANDARD = "gnu++0x";
				CLANG_CXX_LIBRARY = "libc++";
				CLANG_ENABLE_MODULES = YES;
				CLANG_ENABLE_OBJC_ARC = YES;
				CLANG_WARN_BOOL_CONVERSION = YES;
				CLANG_WARN_CONSTANT_CONVERSION = YES;
				CLANG_WARN_DIRECT_OBJC_ISA_USAGE = YES_ERROR;
				CLANG_WARN_DOCUMENTATION_COMMENTS = YES;
				CLANG_WARN_EMPTY_BODY = YES;
				CLANG_WARN_ENUM_CONVERSION = YES;
				CLANG_WARN_INFINITE_RECURSION = YES;
				CLANG_WARN_INT_CONVERSION = YES;
				CLANG_WARN_OBJC_ROOT_CLASS = YES_ERROR;
				CLANG_WARN_SUSPICIOUS_MOVE = YES;
				CLANG_WARN_UNREACHABLE_CODE = YES;
				CLANG_WARN__DUPLICATE_METHOD_MATCH = YES;
				"CODE_SIGN_IDENTITY[sdk=iphoneos*]" = "iPhone Developer";
				COPY_PHASE_STRIP = NO;
				DEBUG_INFORMATION_FORMAT = dwarf;
				ENABLE_STRICT_OBJC_MSGSEND = YES;
				ENABLE_TESTABILITY = YES;
				GCC_C_LANGUAGE_STANDARD = gnu99;
				GCC_DYNAMIC_NO_PIC = NO;
				GCC_NO_COMMON_BLOCKS = YES;
				GCC_OPTIMIZATION_LEVEL = 0;
				GCC_PREPROCESSOR_DEFINITIONS = (
					"DEBUG=1",
					"$(inherited)",
				);
				GCC_WARN_64_TO_32_BIT_CONVERSION = YES;
				GCC_WARN_ABOUT_RETURN_TYPE = YES_ERROR;
				GCC_WARN_UNDECLARED_SELECTOR = YES;
				GCC_WARN_UNINITIALIZED_AUTOS = YES_AGGRESSIVE;
				GCC_WARN_UNUSED_FUNCTION = YES;
				GCC_WARN_UNUSED_VARIABLE = YES;
				IPHONEOS_DEPLOYMENT_TARGET = 10.3;
				MTL_ENABLE_DEBUG_INFO = YES;
				ONLY_ACTIVE_ARCH = YES;
				SDKROOT = iphoneos;
				TARGETED_DEVICE_FAMILY = "1,2";
			};
			name = Debug;
		};
		6C27A6E61F04CAF100998FB8 /* Release */ = {
			isa = XCBuildConfiguration;
			buildSettings = {
				ALWAYS_SEARCH_USER_PATHS = NO;
				CLANG_ANALYZER_NONNULL = YES;
				CLANG_ANALYZER_NUMBER_OBJECT_CONVERSION = YES_AGGRESSIVE;
				CLANG_CXX_LANGUAGE_STANDARD = "gnu++0x";
				CLANG_CXX_LIBRARY = "libc++";
				CLANG_ENABLE_MODULES = YES;
				CLANG_ENABLE_OBJC_ARC = YES;
				CLANG_WARN_BOOL_CONVERSION = YES;
				CLANG_WARN_CONSTANT_CONVERSION = YES;
				CLANG_WARN_DIRECT_OBJC_ISA_USAGE = YES_ERROR;
				CLANG_WARN_DOCUMENTATION_COMMENTS = YES;
				CLANG_WARN_EMPTY_BODY = YES;
				CLANG_WARN_ENUM_CONVERSION = YES;
				CLANG_WARN_INFINITE_RECURSION = YES;
				CLANG_WARN_INT_CONVERSION = YES;
				CLANG_WARN_OBJC_ROOT_CLASS = YES_ERROR;
				CLANG_WARN_SUSPICIOUS_MOVE = YES;
				CLANG_WARN_UNREACHABLE_CODE = YES;
				CLANG_WARN__DUPLICATE_METHOD_MATCH = YES;
				"CODE_SIGN_IDENTITY[sdk=iphoneos*]" = "iPhone Developer";
				COPY_PHASE_STRIP = NO;
				DEBUG_INFORMATION_FORMAT = "dwarf-with-dsym";
				ENABLE_NS_ASSERTIONS = NO;
				ENABLE_STRICT_OBJC_MSGSEND = YES;
				GCC_C_LANGUAGE_STANDARD = gnu99;
				GCC_NO_COMMON_BLOCKS = YES;
				GCC_WARN_64_TO_32_BIT_CONVERSION = YES;
				GCC_WARN_ABOUT_RETURN_TYPE = YES_ERROR;
				GCC_WARN_UNDECLARED_SELECTOR = YES;
				GCC_WARN_UNINITIALIZED_AUTOS = YES_AGGRESSIVE;
				GCC_WARN_UNUSED_FUNCTION = YES;
				GCC_WARN_UNUSED_VARIABLE = YES;
				IPHONEOS_DEPLOYMENT_TARGET = 10.3;
				MTL_ENABLE_DEBUG_INFO = NO;
				SDKROOT = iphoneos;
				TARGETED_DEVICE_FAMILY = "1,2";
				VALIDATE_PRODUCT = YES;
			};
			name = Release;
		};
		6C27A6E81F04CAF100998FB8 /* Debug */ = {
			isa = XCBuildConfiguration;
			baseConfigurationReference = 057051DEEE02449CE34A412F /* Pods-直播demo_OC.debug.xcconfig */;
			buildSettings = {
				ASSETCATALOG_COMPILER_APPICON_NAME = AppIcon;
				DEVELOPMENT_TEAM = U4629HP3VA;
				FRAMEWORK_SEARCH_PATHS = (
					"$(inherited)",
					"$(PROJECT_DIR)/直播demo_OC",
				);
				GCC_PRECOMPILE_PREFIX_HEADER = YES;
				GCC_PREFIX_HEADER = "$(SRCROOT)/直播demo_OC/st_Prefix.pch";
				INFOPLIST_FILE = "直播demo_OC/Info.plist";
				LD_RUNPATH_SEARCH_PATHS = "$(inherited) @executable_path/Frameworks";
				PRODUCT_BUNDLE_IDENTIFIER = "--.--demo-OC";
				PRODUCT_NAME = "$(TARGET_NAME)";
			};
			name = Debug;
		};
		6C27A6E91F04CAF100998FB8 /* Release */ = {
			isa = XCBuildConfiguration;
			baseConfigurationReference = AB65B9E726054317B7D9A875 /* Pods-直播demo_OC.release.xcconfig */;
			buildSettings = {
				ASSETCATALOG_COMPILER_APPICON_NAME = AppIcon;
				DEVELOPMENT_TEAM = U4629HP3VA;
				FRAMEWORK_SEARCH_PATHS = (
					"$(inherited)",
					"$(PROJECT_DIR)/直播demo_OC",
				);
				GCC_PRECOMPILE_PREFIX_HEADER = YES;
				GCC_PREFIX_HEADER = "$(SRCROOT)/直播demo_OC/st_Prefix.pch";
				INFOPLIST_FILE = "直播demo_OC/Info.plist";
				LD_RUNPATH_SEARCH_PATHS = "$(inherited) @executable_path/Frameworks";
				PRODUCT_BUNDLE_IDENTIFIER = "--.--demo-OC";
				PRODUCT_NAME = "$(TARGET_NAME)";
			};
			name = Release;
		};
		6C27A6EB1F04CAF100998FB8 /* Debug */ = {
			isa = XCBuildConfiguration;
			buildSettings = {
				BUNDLE_LOADER = "$(TEST_HOST)";
				DEVELOPMENT_TEAM = U4629HP3VA;
				INFOPLIST_FILE = "直播demo_OCTests/Info.plist";
				LD_RUNPATH_SEARCH_PATHS = "$(inherited) @executable_path/Frameworks @loader_path/Frameworks";
				PRODUCT_BUNDLE_IDENTIFIER = "--.--demo-OCTests";
				PRODUCT_NAME = "$(TARGET_NAME)";
				TEST_HOST = "$(BUILT_PRODUCTS_DIR)/直播demo_OC.app/直播demo_OC";
			};
			name = Debug;
		};
		6C27A6EC1F04CAF100998FB8 /* Release */ = {
			isa = XCBuildConfiguration;
			buildSettings = {
				BUNDLE_LOADER = "$(TEST_HOST)";
				DEVELOPMENT_TEAM = U4629HP3VA;
				INFOPLIST_FILE = "直播demo_OCTests/Info.plist";
				LD_RUNPATH_SEARCH_PATHS = "$(inherited) @executable_path/Frameworks @loader_path/Frameworks";
				PRODUCT_BUNDLE_IDENTIFIER = "--.--demo-OCTests";
				PRODUCT_NAME = "$(TARGET_NAME)";
				TEST_HOST = "$(BUILT_PRODUCTS_DIR)/直播demo_OC.app/直播demo_OC";
			};
			name = Release;
		};
		6C27A6EE1F04CAF100998FB8 /* Debug */ = {
			isa = XCBuildConfiguration;
			buildSettings = {
				DEVELOPMENT_TEAM = U4629HP3VA;
				INFOPLIST_FILE = "直播demo_OCUITests/Info.plist";
				LD_RUNPATH_SEARCH_PATHS = "$(inherited) @executable_path/Frameworks @loader_path/Frameworks";
				PRODUCT_BUNDLE_IDENTIFIER = "--.--demo-OCUITests";
				PRODUCT_NAME = "$(TARGET_NAME)";
				TEST_TARGET_NAME = "直播demo_OC";
			};
			name = Debug;
		};
		6C27A6EF1F04CAF100998FB8 /* Release */ = {
			isa = XCBuildConfiguration;
			buildSettings = {
				DEVELOPMENT_TEAM = U4629HP3VA;
				INFOPLIST_FILE = "直播demo_OCUITests/Info.plist";
				LD_RUNPATH_SEARCH_PATHS = "$(inherited) @executable_path/Frameworks @loader_path/Frameworks";
				PRODUCT_BUNDLE_IDENTIFIER = "--.--demo-OCUITests";
				PRODUCT_NAME = "$(TARGET_NAME)";
				TEST_TARGET_NAME = "直播demo_OC";
			};
			name = Release;
		};
/* End XCBuildConfiguration section */

/* Begin XCConfigurationList section */
		6C27A6B51F04CAF100998FB8 /* Build configuration list for PBXProject "直播demo_OC" */ = {
			isa = XCConfigurationList;
			buildConfigurations = (
				6C27A6E51F04CAF100998FB8 /* Debug */,
				6C27A6E61F04CAF100998FB8 /* Release */,
			);
			defaultConfigurationIsVisible = 0;
			defaultConfigurationName = Release;
		};
		6C27A6E71F04CAF100998FB8 /* Build configuration list for PBXNativeTarget "直播demo_OC" */ = {
			isa = XCConfigurationList;
			buildConfigurations = (
				6C27A6E81F04CAF100998FB8 /* Debug */,
				6C27A6E91F04CAF100998FB8 /* Release */,
			);
			defaultConfigurationIsVisible = 0;
			defaultConfigurationName = Release;
		};
		6C27A6EA1F04CAF100998FB8 /* Build configuration list for PBXNativeTarget "直播demo_OCTests" */ = {
			isa = XCConfigurationList;
			buildConfigurations = (
				6C27A6EB1F04CAF100998FB8 /* Debug */,
				6C27A6EC1F04CAF100998FB8 /* Release */,
			);
			defaultConfigurationIsVisible = 0;
			defaultConfigurationName = Release;
		};
		6C27A6ED1F04CAF100998FB8 /* Build configuration list for PBXNativeTarget "直播demo_OCUITests" */ = {
			isa = XCConfigurationList;
			buildConfigurations = (
				6C27A6EE1F04CAF100998FB8 /* Debug */,
				6C27A6EF1F04CAF100998FB8 /* Release */,
			);
			defaultConfigurationIsVisible = 0;
			defaultConfigurationName = Release;
		};
/* End XCConfigurationList section */
	};
	rootObject = 6C27A6B21F04CAF100998FB8 /* Project object */;
}
